
Microsoft Visual Studio Solution File, Format Version 12.00
# Visual Studio Version 17
VisualStudioVersion = 17.0.31903.59
MinimumVisualStudioVersion = 10.0.40219.1
Project("{FAE04EC0-301F-11D3-BF4B-00C04F79EFBC}") = "PostService", "PostService\PostService.csproj", "{03DF9CBC-31A5-447B-96ED-528EE342CD07}"
EndProject
Project("{FAE04EC0-301F-11D3-BF4B-00C04F79EFBC}") = "CommentService", "CommentService\CommentService.csproj", "{8F5C266D-05DC-4AD0-910B-B330C12826E4}"
EndProject
Project("{FAE04EC0-301F-11D3-BF4B-00C04F79EFBC}") = "SharedModels", "SharedModels\SharedModels.csproj", "{081CD917-7C4F-49C4-84B9-413F7024B09C}"
EndProject
Project("{E53339B2-1760-4266-BCC7-CA923CBCF16C}") = "docker-compose", "docker-compose.dcproj", "{81DDED9D-158B-E303-5F62-77A2896D2A5A}"
EndProject
Global
	GlobalSection(SolutionConfigurationPlatforms) = preSolution
		Debug|Any CPU = Debug|Any CPU
		Debug|x64 = Debug|x64
		Debug|x86 = Debug|x86
		Release|Any CPU = Release|Any CPU
		Release|x64 = Release|x64
		Release|x86 = Release|x86
	EndGlobalSection
	GlobalSection(ProjectConfigurationPlatforms) = postSolution
		{03DF9CBC-31A5-447B-96ED-528EE342CD07}.Debug|Any CPU.ActiveCfg = Debug|Any CPU
		{03DF9CBC-31A5-447B-96ED-528EE342CD07}.Debug|Any CPU.Build.0 = Debug|Any CPU
		{03DF9CBC-31A5-447B-96ED-528EE342CD07}.Debug|x64.ActiveCfg = Debug|Any CPU
		{03DF9CBC-31A5-447B-96ED-528EE342CD07}.Debug|x64.Build.0 = Debug|Any CPU
		{03DF9CBC-31A5-447B-96ED-528EE342CD07}.Debug|x86.ActiveCfg = Debug|Any CPU
		{03DF9CBC-31A5-447B-96ED-528EE342CD07}.Debug|x86.Build.0 = Debug|Any CPU
		{03DF9CBC-31A5-447B-96ED-528EE342CD07}.Release|Any CPU.ActiveCfg = Release|Any CPU
		{03DF9CBC-31A5-447B-96ED-528EE342CD07}.Release|Any CPU.Build.0 = Release|Any CPU
		{03DF9CBC-31A5-447B-96ED-528EE342CD07}.Release|x64.ActiveCfg = Release|Any CPU
		{03DF9CBC-31A5-447B-96ED-528EE342CD07}.Release|x64.Build.0 = Release|Any CPU
		{03DF9CBC-31A5-447B-96ED-528EE342CD07}.Release|x86.ActiveCfg = Release|Any CPU
		{03DF9CBC-31A5-447B-96ED-528EE342CD07}.Release|x86.Build.0 = Release|Any CPU
		{8F5C266D-05DC-4AD0-910B-B330C12826E4}.Debug|Any CPU.ActiveCfg = Debug|Any CPU
		{8F5C266D-05DC-4AD0-910B-B330C12826E4}.Debug|Any CPU.Build.0 = Debug|Any CPU
		{8F5C266D-05DC-4AD0-910B-B330C12826E4}.Debug|x64.ActiveCfg = Debug|Any CPU
		{8F5C266D-05DC-4AD0-910B-B330C12826E4}.Debug|x64.Build.0 = Debug|Any CPU
		{8F5C266D-05DC-4AD0-910B-B330C12826E4}.Debug|x86.ActiveCfg = Debug|Any CPU
		{8F5C266D-05DC-4AD0-910B-B330C12826E4}.Debug|x86.Build.0 = Debug|Any CPU
		{8F5C266D-05DC-4AD0-910B-B330C12826E4}.Release|Any CPU.ActiveCfg = Release|Any CPU
		{8F5C266D-05DC-4AD0-910B-B330C12826E4}.Release|Any CPU.Build.0 = Release|Any CPU
		{8F5C266D-05DC-4AD0-910B-B330C12826E4}.Release|x64.ActiveCfg = Release|Any CPU
		{8F5C266D-05DC-4AD0-910B-B330C12826E4}.Release|x64.Build.0 = Release|Any CPU
		{8F5C266D-05DC-4AD0-910B-B330C12826E4}.Release|x86.ActiveCfg = Release|Any CPU
		{8F5C266D-05DC-4AD0-910B-B330C12826E4}.Release|x86.Build.0 = Release|Any CPU
		{081CD917-7C4F-49C4-84B9-413F7024B09C}.Debug|Any CPU.ActiveCfg = Debug|Any CPU
		{081CD917-7C4F-49C4-84B9-413F7024B09C}.Debug|Any CPU.Build.0 = Debug|Any CPU
		{081CD917-7C4F-49C4-84B9-413F7024B09C}.Debug|x64.ActiveCfg = Debug|Any CPU
		{081CD917-7C4F-49C4-84B9-413F7024B09C}.Debug|x64.Build.0 = Debug|Any CPU
		{081CD917-7C4F-49C4-84B9-413F7024B09C}.Debug|x86.ActiveCfg = Debug|Any CPU
		{081CD917-7C4F-49C4-84B9-413F7024B09C}.Debug|x86.Build.0 = Debug|Any CPU
		{081CD917-7C4F-49C4-84B9-413F7024B09C}.Release|Any CPU.ActiveCfg = Release|Any CPU
		{081CD917-7C4F-49C4-84B9-413F7024B09C}.Release|Any CPU.Build.0 = Release|Any CPU
		{081CD917-7C4F-49C4-84B9-413F7024B09C}.Release|x64.ActiveCfg = Release|Any CPU
		{081CD917-7C4F-49C4-84B9-413F7024B09C}.Release|x64.Build.0 = Release|Any CPU
		{081CD917-7C4F-49C4-84B9-413F7024B09C}.Release|x86.ActiveCfg = Release|Any CPU
		{081CD917-7C4F-49C4-84B9-413F7024B09C}.Release|x86.Build.0 = Release|Any CPU
		{81DDED9D-158B-E303-5F62-77A2896D2A5A}.Debug|Any CPU.ActiveCfg = Debug|Any CPU
		{81DDED9D-158B-E303-5F62-77A2896D2A5A}.Debug|Any CPU.Build.0 = Debug|Any CPU
		{81DDED9D-158B-E303-5F62-77A2896D2A5A}.Debug|x64.ActiveCfg = Debug|Any CPU
		{81DDED9D-158B-E303-5F62-77A2896D2A5A}.Debug|x64.Build.0 = Debug|Any CPU
		{81DDED9D-158B-E303-5F62-77A2896D2A5A}.Debug|x86.ActiveCfg = Debug|Any CPU
		{81DDED9D-158B-E303-5F62-77A2896D2A5A}.Debug|x86.Build.0 = Debug|Any CPU
		{81DDED9D-158B-E303-5F62-77A2896D2A5A}.Release|Any CPU.ActiveCfg = Release|Any CPU
		{81DDED9D-158B-E303-5F62-77A2896D2A5A}.Release|Any CPU.Build.0 = Release|Any CPU
		{81DDED9D-158B-E303-5F62-77A2896D2A5A}.Release|x64.ActiveCfg = Release|Any CPU
		{81DDED9D-158B-E303-5F62-77A2896D2A5A}.Release|x64.Build.0 = Release|Any CPU
		{81DDED9D-158B-E303-5F62-77A2896D2A5A}.Release|x86.ActiveCfg = Release|Any CPU
		{81DDED9D-158B-E303-5F62-77A2896D2A5A}.Release|x86.Build.0 = Release|Any CPU
	EndGlobalSection
	GlobalSection(SolutionProperties) = preSolution
		HideSolutionNode = FALSE
	EndGlobalSection
EndGlobal
